
Microsoft Visual Studio Solution File, Format Version 12.00
# Visual Studio Version 16
VisualStudioVersion = 16.0.29403.142
MinimumVisualStudioVersion = 10.0.40219.1
Project("{9A19103F-16F7-4668-BE54-9A1E7A4F7556}") = "Inventory.Domain", "Inventory.Domain\Inventory.Domain.csproj", "{7370AB2F-C955-4D5B-87E5-1887B57242C5}"
EndProject
Project("{9A19103F-16F7-4668-BE54-9A1E7A4F7556}") = "Inventory.Persistance", "Inventory.Infrastructure\Inventory.Persistance.csproj", "{F1FECFF7-F0B2-4170-803A-A80639074084}"
EndProject
Project("{9A19103F-16F7-4668-BE54-9A1E7A4F7556}") = "Inventory.Application", "Inventory.Application\Inventory.Application.csproj", "{F403BDC2-EEC3-4F6D-B7F6-C3FDA6B43E72}"
EndProject
Project("{9A19103F-16F7-4668-BE54-9A1E7A4F7556}") = "Inventory.Web", "Inventory.Web\Inventory.Web.csproj", "{726101B0-7205-4032-9262-DF081798EFD6}"
EndProject
Project("{9A19103F-16F7-4668-BE54-9A1E7A4F7556}") = "Inventory.Infrastructrue", "Inventory.Infrastructrue\Inventory.Infrastructrue.csproj", "{8E4D0C0B-492D-45B6-81E9-F08C4758F4A3}"
EndProject
Project("{2150E333-8FDC-42A3-9474-1A3956D46DE8}") = "ServiceBus", "ServiceBus", "{0F58A9BD-209F-4DEA-B93A-15FFBAF58581}"
EndProject
Project("{9A19103F-16F7-4668-BE54-9A1E7A4F7556}") = "EventBus", "EventBus\EventBus.csproj", "{4CF593A9-BCD5-42F9-8989-DDD4989E9007}"
EndProject
Project("{9A19103F-16F7-4668-BE54-9A1E7A4F7556}") = "EventBusRabbitMQ", "EventBusRabbitMQ\EventBusRabbitMQ.csproj", "{824F4471-0115-4B93-A251-3AF8A49338B4}"
EndProject
Project("{2150E333-8FDC-42A3-9474-1A3956D46DE8}") = "Product", "Product", "{3F41FE9A-4CCC-467E-B7B5-6970350CF018}"
EndProject
Project("{9A19103F-16F7-4668-BE54-9A1E7A4F7556}") = "Product.Web", "Product.Web\Product.Web.csproj", "{0D0BEE0E-7ECB-4056-9998-439834FD7097}"
EndProject
Project("{9A19103F-16F7-4668-BE54-9A1E7A4F7556}") = "Product.Domain", "Product.Domain\Product.Domain.csproj", "{CF88D0C6-F1D1-4B46-A5A0-4CD4F0504114}"
EndProject
Project("{9A19103F-16F7-4668-BE54-9A1E7A4F7556}") = "Domain.Service", "Domain.Service\Domain.Service.csproj", "{6D0444DD-3040-40C1-9C85-DF0237DC4378}"
EndProject
Project("{9A19103F-16F7-4668-BE54-9A1E7A4F7556}") = "Product.Persistance", "Product.Persistance\Product.Persistance.csproj", "{CDA7DF65-C05E-4A4A-AE5E-67E61979F2E8}"
EndProject
Project("{2150E333-8FDC-42A3-9474-1A3956D46DE8}") = "Inventory", "Inventory", "{FDAF3C96-0C3C-43BF-9901-18EA7DA1903E}"
EndProject
Project("{9A19103F-16F7-4668-BE54-9A1E7A4F7556}") = "Product.Application", "Product.Application\Product.Application.csproj", "{BAEBF3C8-BE0F-4886-9467-F6B273C13D8A}"
EndProject
Project("{2150E333-8FDC-42A3-9474-1A3956D46DE8}") = "Identity", "Identity", "{117D8E35-11AF-4012-A373-D7740E51EA56}"
EndProject
Project("{9A19103F-16F7-4668-BE54-9A1E7A4F7556}") = "Identity.Server", "Identity.Server\Identity.Server.csproj", "{1BDA454B-90C2-45E5-9D92-AD35F91B52C0}"
EndProject
Project("{2150E333-8FDC-42A3-9474-1A3956D46DE8}") = "ApiGatway", "ApiGatway", "{5CCE175C-99E0-4852-884B-CFC77EB0CFF0}"
EndProject
Project("{9A19103F-16F7-4668-BE54-9A1E7A4F7556}") = "ApiGateway", "ApiGateway\ApiGateway.csproj", "{C157C86E-F74D-4FE6-A412-83BFA72B59CE}"
EndProject
Project("{FAE04EC0-301F-11D3-BF4B-00C04F79EFBC}") = "Domain.Application", "Domain.Application\Domain.Application.csproj", "{1FEA758F-E5DE-4F84-AA02-B55519BB7974}"
EndProject
Global
	GlobalSection(SolutionConfigurationPlatforms) = preSolution
		Debug|Any CPU = Debug|Any CPU
		Release|Any CPU = Release|Any CPU
	EndGlobalSection
	GlobalSection(ProjectConfigurationPlatforms) = postSolution
		{7370AB2F-C955-4D5B-87E5-1887B57242C5}.Debug|Any CPU.ActiveCfg = Debug|Any CPU
		{7370AB2F-C955-4D5B-87E5-1887B57242C5}.Debug|Any CPU.Build.0 = Debug|Any CPU
		{7370AB2F-C955-4D5B-87E5-1887B57242C5}.Release|Any CPU.ActiveCfg = Release|Any CPU
		{7370AB2F-C955-4D5B-87E5-1887B57242C5}.Release|Any CPU.Build.0 = Release|Any CPU
		{F1FECFF7-F0B2-4170-803A-A80639074084}.Debug|Any CPU.ActiveCfg = Debug|Any CPU
		{F1FECFF7-F0B2-4170-803A-A80639074084}.Debug|Any CPU.Build.0 = Debug|Any CPU
		{F1FECFF7-F0B2-4170-803A-A80639074084}.Release|Any CPU.ActiveCfg = Release|Any CPU
		{F1FECFF7-F0B2-4170-803A-A80639074084}.Release|Any CPU.Build.0 = Release|Any CPU
		{F403BDC2-EEC3-4F6D-B7F6-C3FDA6B43E72}.Debug|Any CPU.ActiveCfg = Debug|Any CPU
		{F403BDC2-EEC3-4F6D-B7F6-C3FDA6B43E72}.Debug|Any CPU.Build.0 = Debug|Any CPU
		{F403BDC2-EEC3-4F6D-B7F6-C3FDA6B43E72}.Release|Any CPU.ActiveCfg = Release|Any CPU
		{F403BDC2-EEC3-4F6D-B7F6-C3FDA6B43E72}.Release|Any CPU.Build.0 = Release|Any CPU
		{726101B0-7205-4032-9262-DF081798EFD6}.Debug|Any CPU.ActiveCfg = Debug|Any CPU
		{726101B0-7205-4032-9262-DF081798EFD6}.Debug|Any CPU.Build.0 = Debug|Any CPU
		{726101B0-7205-4032-9262-DF081798EFD6}.Release|Any CPU.ActiveCfg = Release|Any CPU
		{726101B0-7205-4032-9262-DF081798EFD6}.Release|Any CPU.Build.0 = Release|Any CPU
		{8E4D0C0B-492D-45B6-81E9-F08C4758F4A3}.Debug|Any CPU.ActiveCfg = Debug|Any CPU
		{8E4D0C0B-492D-45B6-81E9-F08C4758F4A3}.Debug|Any CPU.Build.0 = Debug|Any CPU
		{8E4D0C0B-492D-45B6-81E9-F08C4758F4A3}.Release|Any CPU.ActiveCfg = Release|Any CPU
		{8E4D0C0B-492D-45B6-81E9-F08C4758F4A3}.Release|Any CPU.Build.0 = Release|Any CPU
		{4CF593A9-BCD5-42F9-8989-DDD4989E9007}.Debug|Any CPU.ActiveCfg = Debug|Any CPU
		{4CF593A9-BCD5-42F9-8989-DDD4989E9007}.Debug|Any CPU.Build.0 = Debug|Any CPU
		{4CF593A9-BCD5-42F9-8989-DDD4989E9007}.Release|Any CPU.ActiveCfg = Release|Any CPU
		{4CF593A9-BCD5-42F9-8989-DDD4989E9007}.Release|Any CPU.Build.0 = Release|Any CPU
		{824F4471-0115-4B93-A251-3AF8A49338B4}.Debug|Any CPU.ActiveCfg = Debug|Any CPU
		{824F4471-0115-4B93-A251-3AF8A49338B4}.Debug|Any CPU.Build.0 = Debug|Any CPU
		{824F4471-0115-4B93-A251-3AF8A49338B4}.Release|Any CPU.ActiveCfg = Release|Any CPU
		{824F4471-0115-4B93-A251-3AF8A49338B4}.Release|Any CPU.Build.0 = Release|Any CPU
		{0D0BEE0E-7ECB-4056-9998-439834FD7097}.Debug|Any CPU.ActiveCfg = Debug|Any CPU
		{0D0BEE0E-7ECB-4056-9998-439834FD7097}.Debug|Any CPU.Build.0 = Debug|Any CPU
		{0D0BEE0E-7ECB-4056-9998-439834FD7097}.Release|Any CPU.ActiveCfg = Release|Any CPU
		{0D0BEE0E-7ECB-4056-9998-439834FD7097}.Release|Any CPU.Build.0 = Release|Any CPU
		{CF88D0C6-F1D1-4B46-A5A0-4CD4F0504114}.Debug|Any CPU.ActiveCfg = Debug|Any CPU
		{CF88D0C6-F1D1-4B46-A5A0-4CD4F0504114}.Debug|Any CPU.Build.0 = Debug|Any CPU
		{CF88D0C6-F1D1-4B46-A5A0-4CD4F0504114}.Release|Any CPU.ActiveCfg = Release|Any CPU
		{CF88D0C6-F1D1-4B46-A5A0-4CD4F0504114}.Release|Any CPU.Build.0 = Release|Any CPU
		{6D0444DD-3040-40C1-9C85-DF0237DC4378}.Debug|Any CPU.ActiveCfg = Debug|Any CPU
		{6D0444DD-3040-40C1-9C85-DF0237DC4378}.Debug|Any CPU.Build.0 = Debug|Any CPU
		{6D0444DD-3040-40C1-9C85-DF0237DC4378}.Release|Any CPU.ActiveCfg = Release|Any CPU
		{6D0444DD-3040-40C1-9C85-DF0237DC4378}.Release|Any CPU.Build.0 = Release|Any CPU
		{CDA7DF65-C05E-4A4A-AE5E-67E61979F2E8}.Debug|Any CPU.ActiveCfg = Debug|Any CPU
		{CDA7DF65-C05E-4A4A-AE5E-67E61979F2E8}.Debug|Any CPU.Build.0 = Debug|Any CPU
		{CDA7DF65-C05E-4A4A-AE5E-67E61979F2E8}.Release|Any CPU.ActiveCfg = Release|Any CPU
		{CDA7DF65-C05E-4A4A-AE5E-67E61979F2E8}.Release|Any CPU.Build.0 = Release|Any CPU
		{BAEBF3C8-BE0F-4886-9467-F6B273C13D8A}.Debug|Any CPU.ActiveCfg = Debug|Any CPU
		{BAEBF3C8-BE0F-4886-9467-F6B273C13D8A}.Debug|Any CPU.Build.0 = Debug|Any CPU
		{BAEBF3C8-BE0F-4886-9467-F6B273C13D8A}.Release|Any CPU.ActiveCfg = Release|Any CPU
		{BAEBF3C8-BE0F-4886-9467-F6B273C13D8A}.Release|Any CPU.Build.0 = Release|Any CPU
		{1BDA454B-90C2-45E5-9D92-AD35F91B52C0}.Debug|Any CPU.ActiveCfg = Debug|Any CPU
		{1BDA454B-90C2-45E5-9D92-AD35F91B52C0}.Debug|Any CPU.Build.0 = Debug|Any CPU
		{1BDA454B-90C2-45E5-9D92-AD35F91B52C0}.Release|Any CPU.ActiveCfg = Release|Any CPU
		{1BDA454B-90C2-45E5-9D92-AD35F91B52C0}.Release|Any CPU.Build.0 = Release|Any CPU
		{C157C86E-F74D-4FE6-A412-83BFA72B59CE}.Debug|Any CPU.ActiveCfg = Debug|Any CPU
		{C157C86E-F74D-4FE6-A412-83BFA72B59CE}.Debug|Any CPU.Build.0 = Debug|Any CPU
		{C157C86E-F74D-4FE6-A412-83BFA72B59CE}.Release|Any CPU.ActiveCfg = Release|Any CPU
		{C157C86E-F74D-4FE6-A412-83BFA72B59CE}.Release|Any CPU.Build.0 = Release|Any CPU
		{1FEA758F-E5DE-4F84-AA02-B55519BB7974}.Debug|Any CPU.ActiveCfg = Debug|Any CPU
		{1FEA758F-E5DE-4F84-AA02-B55519BB7974}.Debug|Any CPU.Build.0 = Debug|Any CPU
		{1FEA758F-E5DE-4F84-AA02-B55519BB7974}.Release|Any CPU.ActiveCfg = Release|Any CPU
		{1FEA758F-E5DE-4F84-AA02-B55519BB7974}.Release|Any CPU.Build.0 = Release|Any CPU
	EndGlobalSection
	GlobalSection(SolutionProperties) = preSolution
		HideSolutionNode = FALSE
	EndGlobalSection
	GlobalSection(NestedProjects) = preSolution
		{7370AB2F-C955-4D5B-87E5-1887B57242C5} = {FDAF3C96-0C3C-43BF-9901-18EA7DA1903E}
		{F1FECFF7-F0B2-4170-803A-A80639074084} = {FDAF3C96-0C3C-43BF-9901-18EA7DA1903E}
		{F403BDC2-EEC3-4F6D-B7F6-C3FDA6B43E72} = {FDAF3C96-0C3C-43BF-9901-18EA7DA1903E}
		{726101B0-7205-4032-9262-DF081798EFD6} = {FDAF3C96-0C3C-43BF-9901-18EA7DA1903E}
		{8E4D0C0B-492D-45B6-81E9-F08C4758F4A3} = {FDAF3C96-0C3C-43BF-9901-18EA7DA1903E}
		{4CF593A9-BCD5-42F9-8989-DDD4989E9007} = {0F58A9BD-209F-4DEA-B93A-15FFBAF58581}
		{824F4471-0115-4B93-A251-3AF8A49338B4} = {0F58A9BD-209F-4DEA-B93A-15FFBAF58581}
		{0D0BEE0E-7ECB-4056-9998-439834FD7097} = {3F41FE9A-4CCC-467E-B7B5-6970350CF018}
		{CF88D0C6-F1D1-4B46-A5A0-4CD4F0504114} = {3F41FE9A-4CCC-467E-B7B5-6970350CF018}
		{CDA7DF65-C05E-4A4A-AE5E-67E61979F2E8} = {3F41FE9A-4CCC-467E-B7B5-6970350CF018}
		{BAEBF3C8-BE0F-4886-9467-F6B273C13D8A} = {3F41FE9A-4CCC-467E-B7B5-6970350CF018}
		{1BDA454B-90C2-45E5-9D92-AD35F91B52C0} = {117D8E35-11AF-4012-A373-D7740E51EA56}
		{C157C86E-F74D-4FE6-A412-83BFA72B59CE} = {5CCE175C-99E0-4852-884B-CFC77EB0CFF0}
	EndGlobalSection
	GlobalSection(ExtensibilityGlobals) = postSolution
		SolutionGuid = {5F3D3694-D86B-42CD-BE98-BE9A56C8B20B}
	EndGlobalSection
EndGlobal
